
Microsoft Visual Studio Solution File, Format Version 12.00
# Visual Studio Version 17
VisualStudioVersion = 17.7.34031.279
MinimumVisualStudioVersion = 10.0.40219.1
Project("{FAE04EC0-301F-11D3-BF4B-00C04F79EFBC}") = "DistributionRam", "DistributionRam\DistributionRam.csproj", "{184AF374-BFB7-4C72-BD8B-875B3A63641E}"
EndProject
Global
	GlobalSection(SolutionConfigurationPlatforms) = preSolution
		Debug|Any CPU = Debug|Any CPU
		Release|Any CPU = Release|Any CPU
	EndGlobalSection
	GlobalSection(ProjectConfigurationPlatforms) = postSolution
		{184AF374-BFB7-4C72-BD8B-875B3A63641E}.Debug|Any CPU.ActiveCfg = Debug|Any CPU
		{184AF374-BFB7-4C72-BD8B-875B3A63641E}.Debug|Any CPU.Build.0 = Debug|Any CPU
		{184AF374-BFB7-4C72-BD8B-875B3A63641E}.Release|Any CPU.ActiveCfg = Release|Any CPU
		{184AF374-BFB7-4C72-BD8B-875B3A63641E}.Release|Any CPU.Build.0 = Release|Any CPU
	EndGlobalSection
	GlobalSection(SolutionProperties) = preSolution
		HideSolutionNode = FALSE
	EndGlobalSection
	GlobalSection(ExtensibilityGlobals) = postSolution
		SolutionGuid = {B6C1E94F-F78B-4072-8A99-2C2797D0600D}
	EndGlobalSection
EndGlobal
